{
  "version": 4,
  "terraform_version": "1.3.4",
  "serial": 18,
  "lineage": "8b8313ee-98ff-24cb-7526-c718ec50a5db",
  "outputs": {},
  "resources": [
    {
      "mode": "data",
      "type": "tfe_organization",
      "name": "org",
      "provider": "provider[\"registry.terraform.io/hashicorp/tfe\"]",
      "instances": [
        {
          "schema_version": 0,
          "attributes": {
            "assessments_enforced": false,
            "collaborator_auth_policy": "password",
            "cost_estimation_enabled": false,
            "email": "baumgartnerja@outlook.com",
            "external_id": "org-TXHi5usFDzKP8ZdH",
            "id": "org-TXHi5usFDzKP8ZdH",
            "name": "tfc-jxb",
            "owners_team_saml_role_id": "",
            "send_passing_statuses_for_untriggered_speculative_plans": false,
            "two_factor_conformant": false
          },
          "sensitive_attributes": []
        }
      ]
    },
    {
      "mode": "managed",
      "type": "tfe_variable",
      "name": "azure_arm_client_id",
      "provider": "provider[\"registry.terraform.io/hashicorp/tfe\"]",
      "instances": [
        {
          "schema_version": 1,
          "attributes": {
            "category": "env",
            "description": "Azure Client ID",
            "hcl": false,
            "id": "var-eBEgXj6v1qJmv8s8",
            "key": "ARM_CLIENT_ID",
            "sensitive": true,
            "value": "3f3e4644-4aaf-4aa7-9614-765471ecc0ff",
            "variable_set_id": "varset-9mmgFjwg8577wXNc",
            "workspace_id": null
          },
          "sensitive_attributes": [
            [
              {
                "type": "get_attr",
                "value": "value"
              }
            ]
          ],
          "private": "eyJzY2hlbWFfdmVyc2lvbiI6IjEifQ==",
          "dependencies": [
            "data.tfe_organization.org",
            "tfe_variable_set.hashicat"
          ]
        }
      ]
    },
    {
      "mode": "managed",
      "type": "tfe_variable",
      "name": "azure_arm_client_secret",
      "provider": "provider[\"registry.terraform.io/hashicorp/tfe\"]",
      "instances": [
        {
          "schema_version": 1,
          "attributes": {
            "category": "env",
            "description": "Azure Client Secret",
            "hcl": false,
            "id": "var-y17CxspQASjx8uXZ",
            "key": "ARM_CLIENT_SECRET",
            "sensitive": true,
            "value": "myD8Q~OxAVEUv2sN9Euo6R5n3HxjeAidoz8O4bCV",
            "variable_set_id": "varset-9mmgFjwg8577wXNc",
            "workspace_id": null
          },
          "sensitive_attributes": [
            [
              {
                "type": "get_attr",
                "value": "value"
              }
            ]
          ],
          "private": "eyJzY2hlbWFfdmVyc2lvbiI6IjEifQ==",
          "dependencies": [
            "data.tfe_organization.org",
            "tfe_variable_set.hashicat"
          ]
        }
      ]
    },
    {
      "mode": "managed",
      "type": "tfe_variable",
      "name": "azure_arm_subscription_id",
      "provider": "provider[\"registry.terraform.io/hashicorp/tfe\"]",
      "instances": [
        {
          "schema_version": 1,
          "attributes": {
            "category": "env",
            "description": "Azure Subscription ID",
            "hcl": false,
            "id": "var-kGqTyL5YBjMExdyZ",
            "key": "ARM_SUBSCRIPTION_ID",
            "sensitive": true,
            "value": "01094bcc-cd9f-4885-9a15-d8b15aa8dc14",
            "variable_set_id": "varset-9mmgFjwg8577wXNc",
            "workspace_id": null
          },
          "sensitive_attributes": [
            [
              {
                "type": "get_attr",
                "value": "value"
              }
            ]
          ],
          "private": "eyJzY2hlbWFfdmVyc2lvbiI6IjEifQ==",
          "dependencies": [
            "data.tfe_organization.org",
            "tfe_variable_set.hashicat"
          ]
        }
      ]
    },
    {
      "mode": "managed",
      "type": "tfe_variable",
      "name": "azure_arm_tenant_id",
      "provider": "provider[\"registry.terraform.io/hashicorp/tfe\"]",
      "instances": [
        {
          "schema_version": 1,
          "attributes": {
            "category": "env",
            "description": "Azure Tenant ID",
            "hcl": false,
            "id": "var-1t3Fa38xjrDARvRq",
            "key": "ARM_TENANT_ID",
            "sensitive": true,
            "value": "ab2e4aa2-3855-48b9-8d02-619cee6d9513",
            "variable_set_id": "varset-9mmgFjwg8577wXNc",
            "workspace_id": null
          },
          "sensitive_attributes": [
            [
              {
                "type": "get_attr",
                "value": "value"
              }
            ]
          ],
          "private": "eyJzY2hlbWFfdmVyc2lvbiI6IjEifQ==",
          "dependencies": [
            "data.tfe_organization.org",
            "tfe_variable_set.hashicat"
          ]
        }
      ]
    },
    {
      "mode": "managed",
      "type": "tfe_variable",
      "name": "location",
      "provider": "provider[\"registry.terraform.io/hashicorp/tfe\"]",
      "instances": [
        {
          "schema_version": 1,
          "attributes": {
            "category": "terraform",
            "description": "Cloud location",
            "hcl": false,
            "id": "var-z3PkgnByFrNqXz8A",
            "key": "location",
            "sensitive": false,
            "value": "eastus2",
            "variable_set_id": null,
            "workspace_id": "ws-i3MKF2CEmGsZBjve"
          },
          "sensitive_attributes": [],
          "private": "eyJzY2hlbWFfdmVyc2lvbiI6IjEifQ==",
          "dependencies": [
            "data.tfe_organization.org",
            "tfe_workspace.hashicat"
          ]
        }
      ]
    },
    {
      "mode": "managed",
      "type": "tfe_variable",
      "name": "prefix",
      "provider": "provider[\"registry.terraform.io/hashicorp/tfe\"]",
      "instances": [
        {
          "schema_version": 1,
          "attributes": {
            "category": "terraform",
            "description": "Hashicat deployment prefix",
            "hcl": false,
            "id": "var-Y7DSaJxjzu2rwBT2",
            "key": "prefix",
            "sensitive": false,
            "value": "jxb",
            "variable_set_id": null,
            "workspace_id": "ws-i3MKF2CEmGsZBjve"
          },
          "sensitive_attributes": [],
          "private": "eyJzY2hlbWFfdmVyc2lvbiI6IjEifQ==",
          "dependencies": [
            "data.tfe_organization.org",
            "tfe_workspace.hashicat"
          ]
        }
      ]
    },
    {
      "mode": "managed",
      "type": "tfe_variable_set",
      "name": "hashicat",
      "provider": "provider[\"registry.terraform.io/hashicorp/tfe\"]",
      "instances": [
        {
          "schema_version": 0,
          "attributes": {
            "description": "Dedicated Principal Account for Terraform Deployments",
            "global": false,
            "id": "varset-9mmgFjwg8577wXNc",
            "name": "Cloud Credentials",
            "organization": "tfc-jxb",
            "workspace_ids": []
          },
          "sensitive_attributes": [],
          "private": "bnVsbA==",
          "dependencies": [
            "data.tfe_organization.org"
          ]
        }
      ]
    },
    {
      "mode": "managed",
      "type": "tfe_workspace",
      "name": "hashicat",
      "provider": "provider[\"registry.terraform.io/hashicorp/tfe\"]",
      "instances": [
        {
          "schema_version": 1,
          "attributes": {
            "agent_pool_id": "",
            "allow_destroy_plan": true,
            "assessments_enabled": false,
            "auto_apply": false,
            "description": "",
            "execution_mode": "remote",
            "file_triggers_enabled": true,
            "global_remote_state": false,
            "id": "ws-i3MKF2CEmGsZBjve",
            "name": "hashicat-azure",
            "operations": true,
            "organization": "tfc-jxb",
            "queue_all_runs": true,
            "remote_state_consumer_ids": [],
            "speculative_enabled": true,
            "ssh_key_id": "",
            "structured_run_output_enabled": true,
            "tag_names": [
              "azure",
              "hashicat"
            ],
            "terraform_version": "1.7.0",
            "trigger_patterns": [],
            "trigger_prefixes": [],
            "vcs_repo": [],
            "working_directory": ""
          },
          "sensitive_attributes": [],
          "private": "eyJzY2hlbWFfdmVyc2lvbiI6IjEifQ==",
          "dependencies": [
            "data.tfe_organization.org"
          ]
        }
      ]
    },
    {
      "mode": "managed",
      "type": "tfe_workspace_variable_set",
      "name": "hashicat",
      "provider": "provider[\"registry.terraform.io/hashicorp/tfe\"]",
      "instances": [
        {
          "schema_version": 0,
          "attributes": {
            "id": "ws-i3MKF2CEmGsZBjve_varset-9mmgFjwg8577wXNc",
            "variable_set_id": "varset-9mmgFjwg8577wXNc",
            "workspace_id": "ws-i3MKF2CEmGsZBjve"
          },
          "sensitive_attributes": [],
          "private": "bnVsbA==",
          "dependencies": [
            "data.tfe_organization.org",
            "tfe_variable_set.hashicat",
            "tfe_workspace.hashicat"
          ]
        }
      ]
    }
  ],
  "check_results": null
}
